
Microsoft Visual Studio Solution File, Format Version 12.00
# Visual Studio Version 16
VisualStudioVersion = 16.0.33214.272
MinimumVisualStudioVersion = 10.0.40219.1
Project("{FAE04EC0-301F-11D3-BF4B-00C04F79EFBC}") = "Getting Into C sharp", "Getting Into C sharp\Getting Into C sharp.csproj", "{04F4A725-B360-4052-8AB8-B25ADE79AC5B}"
EndProject
Global
	GlobalSection(SolutionConfigurationPlatforms) = preSolution
		Debug|Any CPU = Debug|Any CPU
		Release|Any CPU = Release|Any CPU
	EndGlobalSection
	GlobalSection(ProjectConfigurationPlatforms) = postSolution
		{04F4A725-B360-4052-8AB8-B25ADE79AC5B}.Debug|Any CPU.ActiveCfg = Debug|Any CPU
		{04F4A725-B360-4052-8AB8-B25ADE79AC5B}.Debug|Any CPU.Build.0 = Debug|Any CPU
		{04F4A725-B360-4052-8AB8-B25ADE79AC5B}.Release|Any CPU.ActiveCfg = Release|Any CPU
		{04F4A725-B360-4052-8AB8-B25ADE79AC5B}.Release|Any CPU.Build.0 = Release|Any CPU
	EndGlobalSection
	GlobalSection(SolutionProperties) = preSolution
		HideSolutionNode = FALSE
	EndGlobalSection
	GlobalSection(ExtensibilityGlobals) = postSolution
		SolutionGuid = {DA691F53-AA7B-4291-9C20-A436A7411FE7}
	EndGlobalSection
EndGlobal
